// !$*UTF8*$!
{
	archiveVersion = 1;
	classes = {
	};
	objectVersion = 46;
	objects = {

/* Begin PBXBuildFile section */
		A56F29C91DE837F1007E3CF0 /* AppDelegate.swift in Sources */ = {isa = PBXBuildFile; fileRef = A56F29C81DE837F1007E3CF0 /* AppDelegate.swift */; };
		A56F29CB1DE837F1007E3CF0 /* ViewController.swift in Sources */ = {isa = PBXBuildFile; fileRef = A56F29CA1DE837F1007E3CF0 /* ViewController.swift */; };
		A56F29CE1DE837F1007E3CF0 /* Main.storyboard in Resources */ = {isa = PBXBuildFile; fileRef = A56F29CC1DE837F1007E3CF0 /* Main.storyboard */; };
		A56F29D01DE837F1007E3CF0 /* Assets.xcassets in Resources */ = {isa = PBXBuildFile; fileRef = A56F29CF1DE837F1007E3CF0 /* Assets.xcassets */; };
		A56F29D31DE837F1007E3CF0 /* LaunchScreen.storyboard in Resources */ = {isa = PBXBuildFile; fileRef = A56F29D11DE837F1007E3CF0 /* LaunchScreen.storyboard */; };
		A56F29DB1DE8386C007E3CF0 /* Card.swift in Sources */ = {isa = PBXBuildFile; fileRef = A56F29DA1DE8386C007E3CF0 /* Card.swift */; };
		A56F29DD1DE838B2007E3CF0 /* CardModel.swift in Sources */ = {isa = PBXBuildFile; fileRef = A56F29DC1DE838B2007E3CF0 /* CardModel.swift */; };
/* End PBXBuildFile section */

/* Begin PBXFileReference section */
		A56F29C51DE837F1007E3CF0 /* Match.app */ = {isa = PBXFileReference; explicitFileType = wrapper.application; includeInIndex = 0; path = Match.app; sourceTree = BUILT_PRODUCTS_DIR; };
		A56F29C81DE837F1007E3CF0 /* AppDelegate.swift */ = {isa = PBXFileReference; lastKnownFileType = sourcecode.swift; path = AppDelegate.swift; sourceTree = "<group>"; };
		A56F29CA1DE837F1007E3CF0 /* ViewController.swift */ = {isa = PBXFileReference; lastKnownFileType = sourcecode.swift; path = ViewController.swift; sourceTree = "<group>"; };
		A56F29CD1DE837F1007E3CF0 /* Base */ = {isa = PBXFileReference; lastKnownFileType = file.storyboard; name = Base; path = Base.lproj/Main.storyboard; sourceTree = "<group>"; };
		A56F29CF1DE837F1007E3CF0 /* Assets.xcassets */ = {isa = PBXFileReference; lastKnownFileType = folder.assetcatalog; path = Assets.xcassets; sourceTree = "<group>"; };
		A56F29D21DE837F1007E3CF0 /* Base */ = {isa = PBXFileReference; lastKnownFileType = file.storyboard; name = Base; path = Base.lproj/LaunchScreen.storyboard; sourceTree = "<group>"; };
		A56F29D41DE837F1007E3CF0 /* Info.plist */ = {isa = PBXFileReference; lastKnownFileType = text.plist.xml; path = Info.plist; sourceTree = "<group>"; };
		A56F29DA1DE8386C007E3CF0 /* Card.swift */ = {isa = PBXFileReference; fileEncoding = 4; lastKnownFileType = sourcecode.swift; path = Card.swift; sourceTree = "<group>"; };
		A56F29DC1DE838B2007E3CF0 /* CardModel.swift */ = {isa = PBXFileReference; fileEncoding = 4; lastKnownFileType = sourcecode.swift; path = CardModel.swift; sourceTree = "<group>"; };
/* End PBXFileReference section */

/* Begin PBXFrameworksBuildPhase section */
		A56F29C21DE837F1007E3CF0 /* Frameworks */ = {
			isa = PBXFrameworksBuildPhase;
			buildActionMask = 2147483647;
			files = (
			);
			runOnlyForDeploymentPostprocessing = 0;
		};
/* End PBXFrameworksBuildPhase section */

/* Begin PBXGroup section */
		A56F29BC1DE837F1007E3CF0 = {
			isa = PBXGroup;
			children = (
				A56F29C71DE837F1007E3CF0 /* Match */,
				A56F29C61DE837F1007E3CF0 /* Products */,
			);
			sourceTree = "<group>";
		};
		A56F29C61DE837F1007E3CF0 /* Products */ = {
			isa = PBXGroup;
			children = (
				A56F29C51DE837F1007E3CF0 /* Match.app */,
			);
			name = Products;
			sourceTree = "<group>";
		};
		A56F29C71DE837F1007E3CF0 /* Match */ = {
			isa = PBXGroup;
			children = (
				A56F29C81DE837F1007E3CF0 /* AppDelegate.swift */,
				A56F29CA1DE837F1007E3CF0 /* ViewController.swift */,
				A56F29DA1DE8386C007E3CF0 /* Card.swift */,
				A56F29DC1DE838B2007E3CF0 /* CardModel.swift */,
				A56F29CC1DE837F1007E3CF0 /* Main.storyboard */,
				A56F29CF1DE837F1007E3CF0 /* Assets.xcassets */,
				A56F29D11DE837F1007E3CF0 /* LaunchScreen.storyboard */,
				A56F29D41DE837F1007E3CF0 /* Info.plist */,
			);
			path = Match;
			sourceTree = "<group>";
		};
/* End PBXGroup section */

/* Begin PBXNativeTarget section */
		A56F29C41DE837F1007E3CF0 /* Match */ = {
			isa = PBXNativeTarget;
			buildConfigurationList = A56F29D71DE837F1007E3CF0 /* Build configuration list for PBXNativeTarget "Match" */;
			buildPhases = (
				A56F29C11DE837F1007E3CF0 /* Sources */,
				A56F29C21DE837F1007E3CF0 /* Frameworks */,
				A56F29C31DE837F1007E3CF0 /* Resources */,
			);
			buildRules = (
			);
			dependencies = (
			);
			name = Match;
			productName = Match;
			productReference = A56F29C51DE837F1007E3CF0 /* Match.app */;
			productType = "com.apple.product-type.application";
		};
/* End PBXNativeTarget section */

/* Begin PBXProject section */
		A56F29BD1DE837F1007E3CF0 /* Project object */ = {
			isa = PBXProject;
			attributes = {
				LastSwiftUpdateCheck = 0810;
				LastUpgradeCheck = 0810;
				ORGANIZATIONNAME = "freddie russell";
				TargetAttributes = {
					A56F29C41DE837F1007E3CF0 = {
						CreatedOnToolsVersion = 8.1;
						DevelopmentTeam = ZHVBSA9TKF;
						ProvisioningStyle = Automatic;
					};
				};
			};
			buildConfigurationList = A56F29C01DE837F1007E3CF0 /* Build configuration list for PBXProject "Match" */;
			compatibilityVersion = "Xcode 3.2";
			developmentRegion = English;
			hasScannedForEncodings = 0;
			knownRegions = (
				en,
				Base,
			);
			mainGroup = A56F29BC1DE837F1007E3CF0;
			productRefGroup = A56F29C61DE837F1007E3CF0 /* Products */;
			projectDirPath = "";
			projectRoot = "";
			targets = (
				A56F29C41DE837F1007E3CF0 /* Match */,
			);
		};
/* End PBXProject section */

/* Begin PBXResourcesBuildPhase section */
		A56F29C31DE837F1007E3CF0 /* Resources */ = {
			isa = PBXResourcesBuildPhase;
			buildActionMask = 2147483647;
			files = (
				A56F29D31DE837F1007E3CF0 /* LaunchScreen.storyboard in Resources */,
				A56F29D01DE837F1007E3CF0 /* Assets.xcassets in Resources */,
				A56F29CE1DE837F1007E3CF0 /* Main.storyboard in Resources */,
			);
			runOnlyForDeploymentPostprocessing = 0;
		};
/* End PBXResourcesBuildPhase section */

/* Begin PBXSourcesBuildPhase section */
		A56F29C11DE837F1007E3CF0 /* Sources */ = {
			isa = PBXSourcesBuildPhase;
			buildActionMask = 2147483647;
			files = (
				A56F29CB1DE837F1007E3CF0 /* ViewController.swift in Sources */,
				A56F29DD1DE838B2007E3CF0 /* CardModel.swift in Sources */,
				A56F29DB1DE8386C007E3CF0 /* Card.swift in Sources */,
				A56F29C91DE837F1007E3CF0 /* AppDelegate.swift in Sources */,
			);
			runOnlyForDeploymentPostprocessing = 0;
		};
/* End PBXSourcesBuildPhase section */

/* Begin PBXVariantGroup section */
		A56F29CC1DE837F1007E3CF0 /* Main.storyboard */ = {
			isa = PBXVariantGroup;
			children = (
				A56F29CD1DE837F1007E3CF0 /* Base */,
			);
			name = Main.storyboard;
			sourceTree = "<group>";
		};
		A56F29D11DE837F1007E3CF0 /* LaunchScreen.storyboard */ = {
			isa = PBXVariantGroup;
			children = (
				A56F29D21DE837F1007E3CF0 /* Base */,
			);
			name = LaunchScreen.storyboard;
			sourceTree = "<group>";
		};
/* End PBXVariantGroup section */

/* Begin XCBuildConfiguration section */
		A56F29D51DE837F1007E3CF0 /* Debug */ = {
			isa = XCBuildConfiguration;
			buildSettings = {
				ALWAYS_SEARCH_USER_PATHS = NO;
				CLANG_ANALYZER_NONNULL = YES;
				CLANG_CXX_LANGUAGE_STANDARD = "gnu++0x";
				CLANG_CXX_LIBRARY = "libc++";
				CLANG_ENABLE_MODULES = YES;
				CLANG_ENABLE_OBJC_ARC = YES;
				CLANG_WARN_BOOL_CONVERSION = YES;
				CLANG_WARN_CONSTANT_CONVERSION = YES;
				CLANG_WARN_DIRECT_OBJC_ISA_USAGE = YES_ERROR;
				CLANG_WARN_DOCUMENTATION_COMMENTS = YES;
				CLANG_WARN_EMPTY_BODY = YES;
				CLANG_WARN_ENUM_CONVERSION = YES;
				CLANG_WARN_INFINITE_RECURSION = YES;
				CLANG_WARN_INT_CONVERSION = YES;
				CLANG_WARN_OBJC_ROOT_CLASS = YES_ERROR;
				CLANG_WARN_SUSPICIOUS_MOVES = YES;
				CLANG_WARN_UNREACHABLE_CODE = YES;
				CLANG_WARN__DUPLICATE_METHOD_MATCH = YES;
				"CODE_SIGN_IDENTITY[sdk=iphoneos*]" = "iPhone Developer";
				COPY_PHASE_STRIP = NO;
				DEBUG_INFORMATION_FORMAT = dwarf;
				ENABLE_STRICT_OBJC_MSGSEND = YES;
				ENABLE_TESTABILITY = YES;
				GCC_C_LANGUAGE_STANDARD = gnu99;
				GCC_DYNAMIC_NO_PIC = NO;
				GCC_NO_COMMON_BLOCKS = YES;
				GCC_OPTIMIZATION_LEVEL = 0;
				GCC_PREPROCESSOR_DEFINITIONS = (
					"DEBUG=1",
					"$(inherited)",
				);
				GCC_WARN_64_TO_32_BIT_CONVERSION = YES;
				GCC_WARN_ABOUT_RETURN_TYPE = YES_ERROR;
				GCC_WARN_UNDECLARED_SELECTOR = YES;
				GCC_WARN_UNINITIALIZED_AUTOS = YES_AGGRESSIVE;
				GCC_WARN_UNUSED_FUNCTION = YES;
				GCC_WARN_UNUSED_VARIABLE = YES;
				IPHONEOS_DEPLOYMENT_TARGET = 10.1;
				MTL_ENABLE_DEBUG_INFO = YES;
				ONLY_ACTIVE_ARCH = YES;
				SDKROOT = iphoneos;
				SWIFT_ACTIVE_COMPILATION_CONDITIONS = DEBUG;
				SWIFT_OPTIMIZATION_LEVEL = "-Onone";
			};
			name = Debug;
		};
		A56F29D61DE837F1007E3CF0 /* Release */ = {
			isa = XCBuildConfiguration;
			buildSettings = {
				ALWAYS_SEARCH_USER_PATHS = NO;
				CLANG_ANALYZER_NONNULL = YES;
				CLANG_CXX_LANGUAGE_STANDARD = "gnu++0x";
				CLANG_CXX_LIBRARY = "libc++";
				CLANG_ENABLE_MODULES = YES;
				CLANG_ENABLE_OBJC_ARC = YES;
				CLANG_WARN_BOOL_CONVERSION = YES;
				CLANG_WARN_CONSTANT_CONVERSION = YES;
				CLANG_WARN_DIRECT_OBJC_ISA_USAGE = YES_ERROR;
				CLANG_WARN_DOCUMENTATION_COMMENTS = YES;
				CLANG_WARN_EMPTY_BODY = YES;
				CLANG_WARN_ENUM_CONVERSION = YES;
				CLANG_WARN_INFINITE_RECURSION = YES;
				CLANG_WARN_INT_CONVERSION = YES;
				CLANG_WARN_OBJC_ROOT_CLASS = YES_ERROR;
				CLANG_WARN_SUSPICIOUS_MOVES = YES;
				CLANG_WARN_UNREACHABLE_CODE = YES;
				CLANG_WARN__DUPLICATE_METHOD_MATCH = YES;
				"CODE_SIGN_IDENTITY[sdk=iphoneos*]" = "iPhone Developer";
				COPY_PHASE_STRIP = NO;
				DEBUG_INFORMATION_FORMAT = "dwarf-with-dsym";
				ENABLE_NS_ASSERTIONS = NO;
				ENABLE_STRICT_OBJC_MSGSEND = YES;
				GCC_C_LANGUAGE_STANDARD = gnu99;
				GCC_NO_COMMON_BLOCKS = YES;
				GCC_WARN_64_TO_32_BIT_CONVERSION = YES;
				GCC_WARN_ABOUT_RETURN_TYPE = YES_ERROR;
				GCC_WARN_UNDECLARED_SELECTOR = YES;
				GCC_WARN_UNINITIALIZED_AUTOS = YES_AGGRESSIVE;
				GCC_WARN_UNUSED_FUNCTION = YES;
				GCC_WARN_UNUSED_VARIABLE = YES;
				IPHONEOS_DEPLOYMENT_TARGET = 10.1;
				MTL_ENABLE_DEBUG_INFO = NO;
				SDKROOT = iphoneos;
				SWIFT_OPTIMIZATION_LEVEL = "-Owholemodule";
				VALIDATE_PRODUCT = YES;
			};
			name = Release;
		};
		A56F29D81DE837F1007E3CF0 /* Debug */ = {
			isa = XCBuildConfiguration;
			buildSettings = {
				ASSETCATALOG_COMPILER_APPICON_NAME = AppIcon;
				DEVELOPMENT_TEAM = ZHVBSA9TKF;
				INFOPLIST_FILE = Match/Info.plist;
				LD_RUNPATH_SEARCH_PATHS = "$(inherited) @executable_path/Frameworks";
				PRODUCT_BUNDLE_IDENTIFIER = uk.co.mobileweb4u.Match;
				PRODUCT_NAME = "$(TARGET_NAME)";
				SWIFT_VERSION = 3.0;
			};
			name = Debug;
		};
		A56F29D91DE837F1007E3CF0 /* Release */ = {
			isa = XCBuildConfiguration;
			buildSettings = {
				ASSETCATALOG_COMPILER_APPICON_NAME = AppIcon;
				DEVELOPMENT_TEAM = ZHVBSA9TKF;
				INFOPLIST_FILE = Match/Info.plist;
				LD_RUNPATH_SEARCH_PATHS = "$(inherited) @executable_path/Frameworks";
				PRODUCT_BUNDLE_IDENTIFIER = uk.co.mobileweb4u.Match;
				PRODUCT_NAME = "$(TARGET_NAME)";
				SWIFT_VERSION = 3.0;
			};
			name = Release;
		};
/* End XCBuildConfiguration section */

/* Begin XCConfigurationList section */
		A56F29C01DE837F1007E3CF0 /* Build configuration list for PBXProject "Match" */ = {
			isa = XCConfigurationList;
			buildConfigurations = (
				A56F29D51DE837F1007E3CF0 /* Debug */,
				A56F29D61DE837F1007E3CF0 /* Release */,
			);
			defaultConfigurationIsVisible = 0;
			defaultConfigurationName = Release;
		};
		A56F29D71DE837F1007E3CF0 /* Build configuration list for PBXNativeTarget "Match" */ = {
			isa = XCConfigurationList;
			buildConfigurations = (
				A56F29D81DE837F1007E3CF0 /* Debug */,
				A56F29D91DE837F1007E3CF0 /* Release */,
			);
			defaultConfigurationIsVisible = 0;
		};
/* End XCConfigurationList section */
	};
	rootObject = A56F29BD1DE837F1007E3CF0 /* Project object */;
}
